
Microsoft Visual Studio Solution File, Format Version 12.00
# Visual Studio 14
VisualStudioVersion = 14.0.24720.0
MinimumVisualStudioVersion = 10.0.40219.1
Project("{FAE04EC0-301F-11D3-BF4B-00C04F79EFBC}") = "GreenPro.Data", "GreenPro.Data\GreenPro.Data.csproj", "{B396B636-ADBB-4152-9C04-A6C46D8A1BFC}"
EndProject
Project("{FAE04EC0-301F-11D3-BF4B-00C04F79EFBC}") = "GreenPro.AdminInterface", "GreenPro.AdminInterface\GreenPro.AdminInterface.csproj", "{376F4EBE-2263-44FE-B835-B97DCED9D26A}"
EndProject
Project("{FAE04EC0-301F-11D3-BF4B-00C04F79EFBC}") = "GreenPro.WebClient", "GreenPro.WebClient\GreenPro.WebClient.csproj", "{427F222F-6F47-4D18-855B-05072052C038}"
EndProject
Project("{FAE04EC0-301F-11D3-BF4B-00C04F79EFBC}") = "GreenPro.Utilities", "GreenPro.Utilities\GreenPro.Utilities.csproj", "{2B0AD9D7-1C7C-4147-96AC-6BE56C6C7B29}"
EndProject
Project("{FAE04EC0-301F-11D3-BF4B-00C04F79EFBC}") = "GreenPro.PayPalSystem", "GreenPro.PayPalSystem\GreenPro.PayPalSystem.csproj", "{084F3708-9FA2-4066-86D5-B7DD34B27CFC}"
EndProject
Project("{FAE04EC0-301F-11D3-BF4B-00C04F79EFBC}") = "GreenPro.Service", "GreenPro.Service\GreenPro.Service.csproj", "{5F7F5159-3A34-4190-9014-10D34CA97340}"
EndProject
Project("{00D1A9C2-B5F0-4AF3-8072-F6C62B433612}") = "GreenPro.Database", "GreenPro.Database\GreenPro.Database.sqlproj", "{765ED71F-1C29-4961-BEDD-46BA952E78CA}"
EndProject
Project("{FAE04EC0-301F-11D3-BF4B-00C04F79EFBC}") = "GreenPro.Api", "GreenPro.Api\GreenPro.Api.csproj", "{97C4C410-A916-42B2-BCD7-79C5C3B098DB}"
EndProject
Global
	GlobalSection(SolutionConfigurationPlatforms) = preSolution
		Debug|Any CPU = Debug|Any CPU
		Release|Any CPU = Release|Any CPU
	EndGlobalSection
	GlobalSection(ProjectConfigurationPlatforms) = postSolution
		{B396B636-ADBB-4152-9C04-A6C46D8A1BFC}.Debug|Any CPU.ActiveCfg = Debug|Any CPU
		{B396B636-ADBB-4152-9C04-A6C46D8A1BFC}.Debug|Any CPU.Build.0 = Debug|Any CPU
		{B396B636-ADBB-4152-9C04-A6C46D8A1BFC}.Release|Any CPU.ActiveCfg = Release|Any CPU
		{B396B636-ADBB-4152-9C04-A6C46D8A1BFC}.Release|Any CPU.Build.0 = Release|Any CPU
		{376F4EBE-2263-44FE-B835-B97DCED9D26A}.Debug|Any CPU.ActiveCfg = Debug|Any CPU
		{376F4EBE-2263-44FE-B835-B97DCED9D26A}.Debug|Any CPU.Build.0 = Debug|Any CPU
		{376F4EBE-2263-44FE-B835-B97DCED9D26A}.Release|Any CPU.ActiveCfg = Release|Any CPU
		{376F4EBE-2263-44FE-B835-B97DCED9D26A}.Release|Any CPU.Build.0 = Release|Any CPU
		{427F222F-6F47-4D18-855B-05072052C038}.Debug|Any CPU.ActiveCfg = Debug|Any CPU
		{427F222F-6F47-4D18-855B-05072052C038}.Debug|Any CPU.Build.0 = Debug|Any CPU
		{427F222F-6F47-4D18-855B-05072052C038}.Release|Any CPU.ActiveCfg = Release|Any CPU
		{427F222F-6F47-4D18-855B-05072052C038}.Release|Any CPU.Build.0 = Release|Any CPU
		{2B0AD9D7-1C7C-4147-96AC-6BE56C6C7B29}.Debug|Any CPU.ActiveCfg = Debug|Any CPU
		{2B0AD9D7-1C7C-4147-96AC-6BE56C6C7B29}.Debug|Any CPU.Build.0 = Debug|Any CPU
		{2B0AD9D7-1C7C-4147-96AC-6BE56C6C7B29}.Release|Any CPU.ActiveCfg = Release|Any CPU
		{2B0AD9D7-1C7C-4147-96AC-6BE56C6C7B29}.Release|Any CPU.Build.0 = Release|Any CPU
		{084F3708-9FA2-4066-86D5-B7DD34B27CFC}.Debug|Any CPU.ActiveCfg = Debug|Any CPU
		{084F3708-9FA2-4066-86D5-B7DD34B27CFC}.Debug|Any CPU.Build.0 = Debug|Any CPU
		{084F3708-9FA2-4066-86D5-B7DD34B27CFC}.Release|Any CPU.ActiveCfg = Release|Any CPU
		{084F3708-9FA2-4066-86D5-B7DD34B27CFC}.Release|Any CPU.Build.0 = Release|Any CPU
		{5F7F5159-3A34-4190-9014-10D34CA97340}.Debug|Any CPU.ActiveCfg = Debug|Any CPU
		{5F7F5159-3A34-4190-9014-10D34CA97340}.Debug|Any CPU.Build.0 = Debug|Any CPU
		{5F7F5159-3A34-4190-9014-10D34CA97340}.Release|Any CPU.ActiveCfg = Release|Any CPU
		{5F7F5159-3A34-4190-9014-10D34CA97340}.Release|Any CPU.Build.0 = Release|Any CPU
		{765ED71F-1C29-4961-BEDD-46BA952E78CA}.Debug|Any CPU.ActiveCfg = Debug|Any CPU
		{765ED71F-1C29-4961-BEDD-46BA952E78CA}.Debug|Any CPU.Build.0 = Debug|Any CPU
		{765ED71F-1C29-4961-BEDD-46BA952E78CA}.Debug|Any CPU.Deploy.0 = Debug|Any CPU
		{765ED71F-1C29-4961-BEDD-46BA952E78CA}.Release|Any CPU.ActiveCfg = Release|Any CPU
		{765ED71F-1C29-4961-BEDD-46BA952E78CA}.Release|Any CPU.Build.0 = Release|Any CPU
		{765ED71F-1C29-4961-BEDD-46BA952E78CA}.Release|Any CPU.Deploy.0 = Release|Any CPU
		{97C4C410-A916-42B2-BCD7-79C5C3B098DB}.Debug|Any CPU.ActiveCfg = Debug|Any CPU
		{97C4C410-A916-42B2-BCD7-79C5C3B098DB}.Debug|Any CPU.Build.0 = Debug|Any CPU
		{97C4C410-A916-42B2-BCD7-79C5C3B098DB}.Release|Any CPU.ActiveCfg = Release|Any CPU
		{97C4C410-A916-42B2-BCD7-79C5C3B098DB}.Release|Any CPU.Build.0 = Release|Any CPU
	EndGlobalSection
	GlobalSection(SolutionProperties) = preSolution
		HideSolutionNode = FALSE
	EndGlobalSection
EndGlobal
